
Microsoft Visual Studio Solution File, Format Version 12.00
# Visual Studio Version 18
VisualStudioVersion = 18.6.11806.211 stable
MinimumVisualStudioVersion = 10.0.40219.1
Project("{FAE04EC0-301F-11D3-BF4B-00C04F79EFBC}") = "KeyInputBoard", "KeyInputBoard\KeyInputBoard.csproj", "{B945BA9E-B34C-4DD1-A275-0F3E59C37378}"
EndProject
Project("{FAE04EC0-301F-11D3-BF4B-00C04F79EFBC}") = "Arduino", "Arduino\Arduino.csproj", "{E28F9B3C-E534-4ED0-9AA4-22DAD69C2D37}"
EndProject
Project("{FAE04EC0-301F-11D3-BF4B-00C04F79EFBC}") = "KeyInputBoard2", "KeyInputBoard2\KeyInputBoard2.csproj", "{B7FDBAF4-D0A1-4E57-B23B-5A0C3CC82152}"
EndProject
Global
	GlobalSection(SolutionConfigurationPlatforms) = preSolution
		Debug|Any CPU = Debug|Any CPU
		Release|Any CPU = Release|Any CPU
	EndGlobalSection
	GlobalSection(ProjectConfigurationPlatforms) = postSolution
		{B945BA9E-B34C-4DD1-A275-0F3E59C37378}.Debug|Any CPU.ActiveCfg = Debug|Any CPU
		{B945BA9E-B34C-4DD1-A275-0F3E59C37378}.Debug|Any CPU.Build.0 = Debug|Any CPU
		{B945BA9E-B34C-4DD1-A275-0F3E59C37378}.Release|Any CPU.ActiveCfg = Release|Any CPU
		{B945BA9E-B34C-4DD1-A275-0F3E59C37378}.Release|Any CPU.Build.0 = Release|Any CPU
		{E28F9B3C-E534-4ED0-9AA4-22DAD69C2D37}.Debug|Any CPU.ActiveCfg = Debug|Any CPU
		{E28F9B3C-E534-4ED0-9AA4-22DAD69C2D37}.Debug|Any CPU.Build.0 = Debug|Any CPU
		{E28F9B3C-E534-4ED0-9AA4-22DAD69C2D37}.Release|Any CPU.ActiveCfg = Release|Any CPU
		{E28F9B3C-E534-4ED0-9AA4-22DAD69C2D37}.Release|Any CPU.Build.0 = Release|Any CPU
		{B7FDBAF4-D0A1-4E57-B23B-5A0C3CC82152}.Debug|Any CPU.ActiveCfg = Debug|Any CPU
		{B7FDBAF4-D0A1-4E57-B23B-5A0C3CC82152}.Debug|Any CPU.Build.0 = Debug|Any CPU
		{B7FDBAF4-D0A1-4E57-B23B-5A0C3CC82152}.Release|Any CPU.ActiveCfg = Release|Any CPU
		{B7FDBAF4-D0A1-4E57-B23B-5A0C3CC82152}.Release|Any CPU.Build.0 = Release|Any CPU
	EndGlobalSection
	GlobalSection(SolutionProperties) = preSolution
		HideSolutionNode = FALSE
	EndGlobalSection
	GlobalSection(ExtensibilityGlobals) = postSolution
		SolutionGuid = {FB918899-3169-415D-9B86-591EF91D6335}
	EndGlobalSection
EndGlobal
